// !$*UTF8*$!
{
	archiveVersion = 1;
	classes = {
	};
	objectVersion = 50;
	objects = {

/* Begin PBXBuildFile section */
		580D065C25A5F7CC000EF3A7 /* GridLayout.swift in Sources */ = {isa = PBXBuildFile; fileRef = 580D065B25A5F7CC000EF3A7 /* GridLayout.swift */; };
		585507C525A6DA16002DA890 /* Array+Identifiable.swift in Sources */ = {isa = PBXBuildFile; fileRef = 585507C425A6DA16002DA890 /* Array+Identifiable.swift */; };
		5861E1F325A58AAC00E9C701 /* MemoryPickerApp.swift in Sources */ = {isa = PBXBuildFile; fileRef = 5861E1F225A58AAC00E9C701 /* MemoryPickerApp.swift */; };
		5861E1F525A58AAC00E9C701 /* ContentView.swift in Sources */ = {isa = PBXBuildFile; fileRef = 5861E1F425A58AAC00E9C701 /* ContentView.swift */; };
		5861E1F725A58AAD00E9C701 /* Assets.xcassets in Resources */ = {isa = PBXBuildFile; fileRef = 5861E1F625A58AAD00E9C701 /* Assets.xcassets */; };
		5861E1FA25A58AAD00E9C701 /* Preview Assets.xcassets in Resources */ = {isa = PBXBuildFile; fileRef = 5861E1F925A58AAD00E9C701 /* Preview Assets.xcassets */; };
		5861E20525A58AAD00E9C701 /* MemoryPickerTests.swift in Sources */ = {isa = PBXBuildFile; fileRef = 5861E20425A58AAD00E9C701 /* MemoryPickerTests.swift */; };
		5861E21025A58AAD00E9C701 /* MemoryPickerUITests.swift in Sources */ = {isa = PBXBuildFile; fileRef = 5861E20F25A58AAD00E9C701 /* MemoryPickerUITests.swift */; };
		5861E22125A5905600E9C701 /* CardView.swift in Sources */ = {isa = PBXBuildFile; fileRef = 5861E22025A5905600E9C701 /* CardView.swift */; };
		5861E22625A5923400E9C701 /* MemoryGame.swift in Sources */ = {isa = PBXBuildFile; fileRef = 5861E22525A5923400E9C701 /* MemoryGame.swift */; };
		5861E22B25A5931200E9C701 /* EmojiMemoryGame.swift in Sources */ = {isa = PBXBuildFile; fileRef = 5861E22A25A5931200E9C701 /* EmojiMemoryGame.swift */; };
		5861E23025A5DC8B00E9C701 /* Grid.swift in Sources */ = {isa = PBXBuildFile; fileRef = 5861E22F25A5DC8B00E9C701 /* Grid.swift */; };
/* End PBXBuildFile section */

/* Begin PBXContainerItemProxy section */
		5861E20125A58AAD00E9C701 /* PBXContainerItemProxy */ = {
			isa = PBXContainerItemProxy;
			containerPortal = 5861E1E725A58AAC00E9C701 /* Project object */;
			proxyType = 1;
			remoteGlobalIDString = 5861E1EE25A58AAC00E9C701;
			remoteInfo = MemoryPicker;
		};
		5861E20C25A58AAD00E9C701 /* PBXContainerItemProxy */ = {
			isa = PBXContainerItemProxy;
			containerPortal = 5861E1E725A58AAC00E9C701 /* Project object */;
			proxyType = 1;
			remoteGlobalIDString = 5861E1EE25A58AAC00E9C701;
			remoteInfo = MemoryPicker;
		};
/* End PBXContainerItemProxy section */

/* Begin PBXFileReference section */
		580D065B25A5F7CC000EF3A7 /* GridLayout.swift */ = {isa = PBXFileReference; lastKnownFileType = sourcecode.swift; path = GridLayout.swift; sourceTree = "<group>"; };
		585507C425A6DA16002DA890 /* Array+Identifiable.swift */ = {isa = PBXFileReference; lastKnownFileType = sourcecode.swift; path = "Array+Identifiable.swift"; sourceTree = "<group>"; };
		5861E1EF25A58AAC00E9C701 /* MemoryPicker.app */ = {isa = PBXFileReference; explicitFileType = wrapper.application; includeInIndex = 0; path = MemoryPicker.app; sourceTree = BUILT_PRODUCTS_DIR; };
		5861E1F225A58AAC00E9C701 /* MemoryPickerApp.swift */ = {isa = PBXFileReference; lastKnownFileType = sourcecode.swift; path = MemoryPickerApp.swift; sourceTree = "<group>"; };
		5861E1F425A58AAC00E9C701 /* ContentView.swift */ = {isa = PBXFileReference; lastKnownFileType = sourcecode.swift; path = ContentView.swift; sourceTree = "<group>"; };
		5861E1F625A58AAD00E9C701 /* Assets.xcassets */ = {isa = PBXFileReference; lastKnownFileType = folder.assetcatalog; path = Assets.xcassets; sourceTree = "<group>"; };
		5861E1F925A58AAD00E9C701 /* Preview Assets.xcassets */ = {isa = PBXFileReference; lastKnownFileType = folder.assetcatalog; path = "Preview Assets.xcassets"; sourceTree = "<group>"; };
		5861E1FB25A58AAD00E9C701 /* Info.plist */ = {isa = PBXFileReference; lastKnownFileType = text.plist.xml; path = Info.plist; sourceTree = "<group>"; };
		5861E20025A58AAD00E9C701 /* MemoryPickerTests.xctest */ = {isa = PBXFileReference; explicitFileType = wrapper.cfbundle; includeInIndex = 0; path = MemoryPickerTests.xctest; sourceTree = BUILT_PRODUCTS_DIR; };
		5861E20425A58AAD00E9C701 /* MemoryPickerTests.swift */ = {isa = PBXFileReference; lastKnownFileType = sourcecode.swift; path = MemoryPickerTests.swift; sourceTree = "<group>"; };
		5861E20625A58AAD00E9C701 /* Info.plist */ = {isa = PBXFileReference; lastKnownFileType = text.plist.xml; path = Info.plist; sourceTree = "<group>"; };
		5861E20B25A58AAD00E9C701 /* MemoryPickerUITests.xctest */ = {isa = PBXFileReference; explicitFileType = wrapper.cfbundle; includeInIndex = 0; path = MemoryPickerUITests.xctest; sourceTree = BUILT_PRODUCTS_DIR; };
		5861E20F25A58AAD00E9C701 /* MemoryPickerUITests.swift */ = {isa = PBXFileReference; lastKnownFileType = sourcecode.swift; path = MemoryPickerUITests.swift; sourceTree = "<group>"; };
		5861E21125A58AAD00E9C701 /* Info.plist */ = {isa = PBXFileReference; lastKnownFileType = text.plist.xml; path = Info.plist; sourceTree = "<group>"; };
		5861E22025A5905600E9C701 /* CardView.swift */ = {isa = PBXFileReference; lastKnownFileType = sourcecode.swift; path = CardView.swift; sourceTree = "<group>"; };
		5861E22525A5923400E9C701 /* MemoryGame.swift */ = {isa = PBXFileReference; lastKnownFileType = sourcecode.swift; path = MemoryGame.swift; sourceTree = "<group>"; };
		5861E22A25A5931200E9C701 /* EmojiMemoryGame.swift */ = {isa = PBXFileReference; lastKnownFileType = sourcecode.swift; path = EmojiMemoryGame.swift; sourceTree = "<group>"; };
		5861E22F25A5DC8B00E9C701 /* Grid.swift */ = {isa = PBXFileReference; lastKnownFileType = sourcecode.swift; path = Grid.swift; sourceTree = "<group>"; };
/* End PBXFileReference section */

/* Begin PBXFrameworksBuildPhase section */
		5861E1EC25A58AAC00E9C701 /* Frameworks */ = {
			isa = PBXFrameworksBuildPhase;
			buildActionMask = 2147483647;
			files = (
			);
			runOnlyForDeploymentPostprocessing = 0;
		};
		5861E1FD25A58AAD00E9C701 /* Frameworks */ = {
			isa = PBXFrameworksBuildPhase;
			buildActionMask = 2147483647;
			files = (
			);
			runOnlyForDeploymentPostprocessing = 0;
		};
		5861E20825A58AAD00E9C701 /* Frameworks */ = {
			isa = PBXFrameworksBuildPhase;
			buildActionMask = 2147483647;
			files = (
			);
			runOnlyForDeploymentPostprocessing = 0;
		};
/* End PBXFrameworksBuildPhase section */

/* Begin PBXGroup section */
		5861E1E625A58AAC00E9C701 = {
			isa = PBXGroup;
			children = (
				5861E1F125A58AAC00E9C701 /* MemoryPicker */,
				5861E20325A58AAD00E9C701 /* MemoryPickerTests */,
				5861E20E25A58AAD00E9C701 /* MemoryPickerUITests */,
				5861E1F025A58AAC00E9C701 /* Products */,
			);
			sourceTree = "<group>";
		};
		5861E1F025A58AAC00E9C701 /* Products */ = {
			isa = PBXGroup;
			children = (
				5861E1EF25A58AAC00E9C701 /* MemoryPicker.app */,
				5861E20025A58AAD00E9C701 /* MemoryPickerTests.xctest */,
				5861E20B25A58AAD00E9C701 /* MemoryPickerUITests.xctest */,
			);
			name = Products;
			sourceTree = "<group>";
		};
		5861E1F125A58AAC00E9C701 /* MemoryPicker */ = {
			isa = PBXGroup;
			children = (
				5861E1F225A58AAC00E9C701 /* MemoryPickerApp.swift */,
				5861E1F425A58AAC00E9C701 /* ContentView.swift */,
				5861E1F625A58AAD00E9C701 /* Assets.xcassets */,
				5861E1FB25A58AAD00E9C701 /* Info.plist */,
				5861E1F825A58AAD00E9C701 /* Preview Content */,
				5861E22025A5905600E9C701 /* CardView.swift */,
				5861E22525A5923400E9C701 /* MemoryGame.swift */,
				5861E22A25A5931200E9C701 /* EmojiMemoryGame.swift */,
				580D065B25A5F7CC000EF3A7 /* GridLayout.swift */,
				5861E22F25A5DC8B00E9C701 /* Grid.swift */,
				585507C425A6DA16002DA890 /* Array+Identifiable.swift */,
			);
			path = MemoryPicker;
			sourceTree = "<group>";
		};
		5861E1F825A58AAD00E9C701 /* Preview Content */ = {
			isa = PBXGroup;
			children = (
				5861E1F925A58AAD00E9C701 /* Preview Assets.xcassets */,
			);
			path = "Preview Content";
			sourceTree = "<group>";
		};
		5861E20325A58AAD00E9C701 /* MemoryPickerTests */ = {
			isa = PBXGroup;
			children = (
				5861E20425A58AAD00E9C701 /* MemoryPickerTests.swift */,
				5861E20625A58AAD00E9C701 /* Info.plist */,
			);
			path = MemoryPickerTests;
			sourceTree = "<group>";
		};
		5861E20E25A58AAD00E9C701 /* MemoryPickerUITests */ = {
			isa = PBXGroup;
			children = (
				5861E20F25A58AAD00E9C701 /* MemoryPickerUITests.swift */,
				5861E21125A58AAD00E9C701 /* Info.plist */,
			);
			path = MemoryPickerUITests;
			sourceTree = "<group>";
		};
/* End PBXGroup section */

/* Begin PBXNativeTarget section */
		5861E1EE25A58AAC00E9C701 /* MemoryPicker */ = {
			isa = PBXNativeTarget;
			buildConfigurationList = 5861E21425A58AAD00E9C701 /* Build configuration list for PBXNativeTarget "MemoryPicker" */;
			buildPhases = (
				5861E1EB25A58AAC00E9C701 /* Sources */,
				5861E1EC25A58AAC00E9C701 /* Frameworks */,
				5861E1ED25A58AAC00E9C701 /* Resources */,
			);
			buildRules = (
			);
			dependencies = (
			);
			name = MemoryPicker;
			productName = MemoryPicker;
			productReference = 5861E1EF25A58AAC00E9C701 /* MemoryPicker.app */;
			productType = "com.apple.product-type.application";
		};
		5861E1FF25A58AAD00E9C701 /* MemoryPickerTests */ = {
			isa = PBXNativeTarget;
			buildConfigurationList = 5861E21725A58AAD00E9C701 /* Build configuration list for PBXNativeTarget "MemoryPickerTests" */;
			buildPhases = (
				5861E1FC25A58AAD00E9C701 /* Sources */,
				5861E1FD25A58AAD00E9C701 /* Frameworks */,
				5861E1FE25A58AAD00E9C701 /* Resources */,
			);
			buildRules = (
			);
			dependencies = (
				5861E20225A58AAD00E9C701 /* PBXTargetDependency */,
			);
			name = MemoryPickerTests;
			productName = MemoryPickerTests;
			productReference = 5861E20025A58AAD00E9C701 /* MemoryPickerTests.xctest */;
			productType = "com.apple.product-type.bundle.unit-test";
		};
		5861E20A25A58AAD00E9C701 /* MemoryPickerUITests */ = {
			isa = PBXNativeTarget;
			buildConfigurationList = 5861E21A25A58AAD00E9C701 /* Build configuration list for PBXNativeTarget "MemoryPickerUITests" */;
			buildPhases = (
				5861E20725A58AAD00E9C701 /* Sources */,
				5861E20825A58AAD00E9C701 /* Frameworks */,
				5861E20925A58AAD00E9C701 /* Resources */,
			);
			buildRules = (
			);
			dependencies = (
				5861E20D25A58AAD00E9C701 /* PBXTargetDependency */,
			);
			name = MemoryPickerUITests;
			productName = MemoryPickerUITests;
			productReference = 5861E20B25A58AAD00E9C701 /* MemoryPickerUITests.xctest */;
			productType = "com.apple.product-type.bundle.ui-testing";
		};
/* End PBXNativeTarget section */

/* Begin PBXProject section */
		5861E1E725A58AAC00E9C701 /* Project object */ = {
			isa = PBXProject;
			attributes = {
				LastSwiftUpdateCheck = 1230;
				LastUpgradeCheck = 1230;
				TargetAttributes = {
					5861E1EE25A58AAC00E9C701 = {
						CreatedOnToolsVersion = 12.3;
					};
					5861E1FF25A58AAD00E9C701 = {
						CreatedOnToolsVersion = 12.3;
						TestTargetID = 5861E1EE25A58AAC00E9C701;
					};
					5861E20A25A58AAD00E9C701 = {
						CreatedOnToolsVersion = 12.3;
						TestTargetID = 5861E1EE25A58AAC00E9C701;
					};
				};
			};
			buildConfigurationList = 5861E1EA25A58AAC00E9C701 /* Build configuration list for PBXProject "MemoryPicker" */;
			compatibilityVersion = "Xcode 9.3";
			developmentRegion = en;
			hasScannedForEncodings = 0;
			knownRegions = (
				en,
				Base,
			);
			mainGroup = 5861E1E625A58AAC00E9C701;
			productRefGroup = 5861E1F025A58AAC00E9C701 /* Products */;
			projectDirPath = "";
			projectRoot = "";
			targets = (
				5861E1EE25A58AAC00E9C701 /* MemoryPicker */,
				5861E1FF25A58AAD00E9C701 /* MemoryPickerTests */,
				5861E20A25A58AAD00E9C701 /* MemoryPickerUITests */,
			);
		};
/* End PBXProject section */

/* Begin PBXResourcesBuildPhase section */
		5861E1ED25A58AAC00E9C701 /* Resources */ = {
			isa = PBXResourcesBuildPhase;
			buildActionMask = 2147483647;
			files = (
				5861E1FA25A58AAD00E9C701 /* Preview Assets.xcassets in Resources */,
				5861E1F725A58AAD00E9C701 /* Assets.xcassets in Resources */,
			);
			runOnlyForDeploymentPostprocessing = 0;
		};
		5861E1FE25A58AAD00E9C701 /* Resources */ = {
			isa = PBXResourcesBuildPhase;
			buildActionMask = 2147483647;
			files = (
			);
			runOnlyForDeploymentPostprocessing = 0;
		};
		5861E20925A58AAD00E9C701 /* Resources */ = {
			isa = PBXResourcesBuildPhase;
			buildActionMask = 2147483647;
			files = (
			);
			runOnlyForDeploymentPostprocessing = 0;
		};
/* End PBXResourcesBuildPhase section */

/* Begin PBXSourcesBuildPhase section */
		5861E1EB25A58AAC00E9C701 /* Sources */ = {
			isa = PBXSourcesBuildPhase;
			buildActionMask = 2147483647;
			files = (
				5861E1F525A58AAC00E9C701 /* ContentView.swift in Sources */,
				5861E22125A5905600E9C701 /* CardView.swift in Sources */,
				5861E22625A5923400E9C701 /* MemoryGame.swift in Sources */,
				5861E1F325A58AAC00E9C701 /* MemoryPickerApp.swift in Sources */,
				5861E22B25A5931200E9C701 /* EmojiMemoryGame.swift in Sources */,
				585507C525A6DA16002DA890 /* Array+Identifiable.swift in Sources */,
				580D065C25A5F7CC000EF3A7 /* GridLayout.swift in Sources */,
				5861E23025A5DC8B00E9C701 /* Grid.swift in Sources */,
			);
			runOnlyForDeploymentPostprocessing = 0;
		};
		5861E1FC25A58AAD00E9C701 /* Sources */ = {
			isa = PBXSourcesBuildPhase;
			buildActionMask = 2147483647;
			files = (
				5861E20525A58AAD00E9C701 /* MemoryPickerTests.swift in Sources */,
			);
			runOnlyForDeploymentPostprocessing = 0;
		};
		5861E20725A58AAD00E9C701 /* Sources */ = {
			isa = PBXSourcesBuildPhase;
			buildActionMask = 2147483647;
			files = (
				5861E21025A58AAD00E9C701 /* MemoryPickerUITests.swift in Sources */,
			);
			runOnlyForDeploymentPostprocessing = 0;
		};
/* End PBXSourcesBuildPhase section */

/* Begin PBXTargetDependency section */
		5861E20225A58AAD00E9C701 /* PBXTargetDependency */ = {
			isa = PBXTargetDependency;
			target = 5861E1EE25A58AAC00E9C701 /* MemoryPicker */;
			targetProxy = 5861E20125A58AAD00E9C701 /* PBXContainerItemProxy */;
		};
		5861E20D25A58AAD00E9C701 /* PBXTargetDependency */ = {
			isa = PBXTargetDependency;
			target = 5861E1EE25A58AAC00E9C701 /* MemoryPicker */;
			targetProxy = 5861E20C25A58AAD00E9C701 /* PBXContainerItemProxy */;
		};
/* End PBXTargetDependency section */

/* Begin XCBuildConfiguration section */
		5861E21225A58AAD00E9C701 /* Debug */ = {
			isa = XCBuildConfiguration;
			buildSettings = {
				ALWAYS_SEARCH_USER_PATHS = NO;
				CLANG_ANALYZER_NONNULL = YES;
				CLANG_ANALYZER_NUMBER_OBJECT_CONVERSION = YES_AGGRESSIVE;
				CLANG_CXX_LANGUAGE_STANDARD = "gnu++14";
				CLANG_CXX_LIBRARY = "libc++";
				CLANG_ENABLE_MODULES = YES;
				CLANG_ENABLE_OBJC_ARC = YES;
				CLANG_ENABLE_OBJC_WEAK = YES;
				CLANG_WARN_BLOCK_CAPTURE_AUTORELEASING = YES;
				CLANG_WARN_BOOL_CONVERSION = YES;
				CLANG_WARN_COMMA = YES;
				CLANG_WARN_CONSTANT_CONVERSION = YES;
				CLANG_WARN_DEPRECATED_OBJC_IMPLEMENTATIONS = YES;
				CLANG_WARN_DIRECT_OBJC_ISA_USAGE = YES_ERROR;
				CLANG_WARN_DOCUMENTATION_COMMENTS = YES;
				CLANG_WARN_EMPTY_BODY = YES;
				CLANG_WARN_ENUM_CONVERSION = YES;
				CLANG_WARN_INFINITE_RECURSION = YES;
				CLANG_WARN_INT_CONVERSION = YES;
				CLANG_WARN_NON_LITERAL_NULL_CONVERSION = YES;
				CLANG_WARN_OBJC_IMPLICIT_RETAIN_SELF = YES;
				CLANG_WARN_OBJC_LITERAL_CONVERSION = YES;
				CLANG_WARN_OBJC_ROOT_CLASS = YES_ERROR;
				CLANG_WARN_QUOTED_INCLUDE_IN_FRAMEWORK_HEADER = YES;
				CLANG_WARN_RANGE_LOOP_ANALYSIS = YES;
				CLANG_WARN_STRICT_PROTOTYPES = YES;
				CLANG_WARN_SUSPICIOUS_MOVE = YES;
				CLANG_WARN_UNGUARDED_AVAILABILITY = YES_AGGRESSIVE;
				CLANG_WARN_UNREACHABLE_CODE = YES;
				CLANG_WARN__DUPLICATE_METHOD_MATCH = YES;
				COPY_PHASE_STRIP = NO;
				DEBUG_INFORMATION_FORMAT = dwarf;
				ENABLE_STRICT_OBJC_MSGSEND = YES;
				ENABLE_TESTABILITY = YES;
				GCC_C_LANGUAGE_STANDARD = gnu11;
				GCC_DYNAMIC_NO_PIC = NO;
				GCC_NO_COMMON_BLOCKS = YES;
				GCC_OPTIMIZATION_LEVEL = 0;
				GCC_PREPROCESSOR_DEFINITIONS = (
					"DEBUG=1",
					"$(inherited)",
				);
				GCC_WARN_64_TO_32_BIT_CONVERSION = YES;
				GCC_WARN_ABOUT_RETURN_TYPE = YES_ERROR;
				GCC_WARN_UNDECLARED_SELECTOR = YES;
				GCC_WARN_UNINITIALIZED_AUTOS = YES_AGGRESSIVE;
				GCC_WARN_UNUSED_FUNCTION = YES;
				GCC_WARN_UNUSED_VARIABLE = YES;
				IPHONEOS_DEPLOYMENT_TARGET = 14.3;
				MTL_ENABLE_DEBUG_INFO = INCLUDE_SOURCE;
				MTL_FAST_MATH = YES;
				ONLY_ACTIVE_ARCH = YES;
				SDKROOT = iphoneos;
				SWIFT_ACTIVE_COMPILATION_CONDITIONS = DEBUG;
				SWIFT_OPTIMIZATION_LEVEL = "-Onone";
			};
			name = Debug;
		};
		5861E21325A58AAD00E9C701 /* Release */ = {
			isa = XCBuildConfiguration;
			buildSettings = {
				ALWAYS_SEARCH_USER_PATHS = NO;
				CLANG_ANALYZER_NONNULL = YES;
				CLANG_ANALYZER_NUMBER_OBJECT_CONVERSION = YES_AGGRESSIVE;
				CLANG_CXX_LANGUAGE_STANDARD = "gnu++14";
				CLANG_CXX_LIBRARY = "libc++";
				CLANG_ENABLE_MODULES = YES;
				CLANG_ENABLE_OBJC_ARC = YES;
				CLANG_ENABLE_OBJC_WEAK = YES;
				CLANG_WARN_BLOCK_CAPTURE_AUTORELEASING = YES;
				CLANG_WARN_BOOL_CONVERSION = YES;
				CLANG_WARN_COMMA = YES;
				CLANG_WARN_CONSTANT_CONVERSION = YES;
				CLANG_WARN_DEPRECATED_OBJC_IMPLEMENTATIONS = YES;
				CLANG_WARN_DIRECT_OBJC_ISA_USAGE = YES_ERROR;
				CLANG_WARN_DOCUMENTATION_COMMENTS = YES;
				CLANG_WARN_EMPTY_BODY = YES;
				CLANG_WARN_ENUM_CONVERSION = YES;
				CLANG_WARN_INFINITE_RECURSION = YES;
				CLANG_WARN_INT_CONVERSION = YES;
				CLANG_WARN_NON_LITERAL_NULL_CONVERSION = YES;
				CLANG_WARN_OBJC_IMPLICIT_RETAIN_SELF = YES;
				CLANG_WARN_OBJC_LITERAL_CONVERSION = YES;
				CLANG_WARN_OBJC_ROOT_CLASS = YES_ERROR;
				CLANG_WARN_QUOTED_INCLUDE_IN_FRAMEWORK_HEADER = YES;
				CLANG_WARN_RANGE_LOOP_ANALYSIS = YES;
				CLANG_WARN_STRICT_PROTOTYPES = YES;
				CLANG_WARN_SUSPICIOUS_MOVE = YES;
				CLANG_WARN_UNGUARDED_AVAILABILITY = YES_AGGRESSIVE;
				CLANG_WARN_UNREACHABLE_CODE = YES;
				CLANG_WARN__DUPLICATE_METHOD_MATCH = YES;
				COPY_PHASE_STRIP = NO;
				DEBUG_INFORMATION_FORMAT = "dwarf-with-dsym";
				ENABLE_NS_ASSERTIONS = NO;
				ENABLE_STRICT_OBJC_MSGSEND = YES;
				GCC_C_LANGUAGE_STANDARD = gnu11;
				GCC_NO_COMMON_BLOCKS = YES;
				GCC_WARN_64_TO_32_BIT_CONVERSION = YES;
				GCC_WARN_ABOUT_RETURN_TYPE = YES_ERROR;
				GCC_WARN_UNDECLARED_SELECTOR = YES;
				GCC_WARN_UNINITIALIZED_AUTOS = YES_AGGRESSIVE;
				GCC_WARN_UNUSED_FUNCTION = YES;
				GCC_WARN_UNUSED_VARIABLE = YES;
				IPHONEOS_DEPLOYMENT_TARGET = 14.3;
				MTL_ENABLE_DEBUG_INFO = NO;
				MTL_FAST_MATH = YES;
				SDKROOT = iphoneos;
				SWIFT_COMPILATION_MODE = wholemodule;
				SWIFT_OPTIMIZATION_LEVEL = "-O";
				VALIDATE_PRODUCT = YES;
			};
			name = Release;
		};
		5861E21525A58AAD00E9C701 /* Debug */ = {
			isa = XCBuildConfiguration;
			buildSettings = {
				ASSETCATALOG_COMPILER_APPICON_NAME = AppIcon;
				ASSETCATALOG_COMPILER_GLOBAL_ACCENT_COLOR_NAME = AccentColor;
				CODE_SIGN_STYLE = Automatic;
				DEVELOPMENT_ASSET_PATHS = "\"MemoryPicker/Preview Content\"";
				DEVELOPMENT_TEAM = 9BA762PTFR;
				ENABLE_PREVIEWS = YES;
				INFOPLIST_FILE = MemoryPicker/Info.plist;
				IPHONEOS_DEPLOYMENT_TARGET = 14.0;
				LD_RUNPATH_SEARCH_PATHS = (
					"$(inherited)",
					"@executable_path/Frameworks",
				);
				PRODUCT_BUNDLE_IDENTIFIER = com.whtoo.MemoryPicker;
				PRODUCT_NAME = "$(TARGET_NAME)";
				SWIFT_VERSION = 5.0;
				TARGETED_DEVICE_FAMILY = "1,2";
			};
			name = Debug;
		};
		5861E21625A58AAD00E9C701 /* Release */ = {
			isa = XCBuildConfiguration;
			buildSettings = {
				ASSETCATALOG_COMPILER_APPICON_NAME = AppIcon;
				ASSETCATALOG_COMPILER_GLOBAL_ACCENT_COLOR_NAME = AccentColor;
				CODE_SIGN_STYLE = Automatic;
				DEVELOPMENT_ASSET_PATHS = "\"MemoryPicker/Preview Content\"";
				DEVELOPMENT_TEAM = 9BA762PTFR;
				ENABLE_PREVIEWS = YES;
				INFOPLIST_FILE = MemoryPicker/Info.plist;
				IPHONEOS_DEPLOYMENT_TARGET = 14.0;
				LD_RUNPATH_SEARCH_PATHS = (
					"$(inherited)",
					"@executable_path/Frameworks",
				);
				PRODUCT_BUNDLE_IDENTIFIER = com.whtoo.MemoryPicker;
				PRODUCT_NAME = "$(TARGET_NAME)";
				SWIFT_VERSION = 5.0;
				TARGETED_DEVICE_FAMILY = "1,2";
			};
			name = Release;
		};
		5861E21825A58AAD00E9C701 /* Debug */ = {
			isa = XCBuildConfiguration;
			buildSettings = {
				ALWAYS_EMBED_SWIFT_STANDARD_LIBRARIES = YES;
				BUNDLE_LOADER = "$(TEST_HOST)";
				CODE_SIGN_STYLE = Automatic;
				DEVELOPMENT_TEAM = 9BA762PTFR;
				INFOPLIST_FILE = MemoryPickerTests/Info.plist;
				IPHONEOS_DEPLOYMENT_TARGET = 14.0;
				LD_RUNPATH_SEARCH_PATHS = (
					"$(inherited)",
					"@executable_path/Frameworks",
					"@loader_path/Frameworks",
				);
				PRODUCT_BUNDLE_IDENTIFIER = com.whtoo.MemoryPickerTests;
				PRODUCT_NAME = "$(TARGET_NAME)";
				SWIFT_VERSION = 5.0;
				TARGETED_DEVICE_FAMILY = "1,2";
				TEST_HOST = "$(BUILT_PRODUCTS_DIR)/MemoryPicker.app/MemoryPicker";
			};
			name = Debug;
		};
		5861E21925A58AAD00E9C701 /* Release */ = {
			isa = XCBuildConfiguration;
			buildSettings = {
				ALWAYS_EMBED_SWIFT_STANDARD_LIBRARIES = YES;
				BUNDLE_LOADER = "$(TEST_HOST)";
				CODE_SIGN_STYLE = Automatic;
				DEVELOPMENT_TEAM = 9BA762PTFR;
				INFOPLIST_FILE = MemoryPickerTests/Info.plist;
				IPHONEOS_DEPLOYMENT_TARGET = 14.0;
				LD_RUNPATH_SEARCH_PATHS = (
					"$(inherited)",
					"@executable_path/Frameworks",
					"@loader_path/Frameworks",
				);
				PRODUCT_BUNDLE_IDENTIFIER = com.whtoo.MemoryPickerTests;
				PRODUCT_NAME = "$(TARGET_NAME)";
				SWIFT_VERSION = 5.0;
				TARGETED_DEVICE_FAMILY = "1,2";
				TEST_HOST = "$(BUILT_PRODUCTS_DIR)/MemoryPicker.app/MemoryPicker";
			};
			name = Release;
		};
		5861E21B25A58AAD00E9C701 /* Debug */ = {
			isa = XCBuildConfiguration;
			buildSettings = {
				ALWAYS_EMBED_SWIFT_STANDARD_LIBRARIES = YES;
				CODE_SIGN_STYLE = Automatic;
				DEVELOPMENT_TEAM = 9BA762PTFR;
				INFOPLIST_FILE = MemoryPickerUITests/Info.plist;
				LD_RUNPATH_SEARCH_PATHS = (
					"$(inherited)",
					"@executable_path/Frameworks",
					"@loader_path/Frameworks",
				);
				PRODUCT_BUNDLE_IDENTIFIER = com.whtoo.MemoryPickerUITests;
				PRODUCT_NAME = "$(TARGET_NAME)";
				SWIFT_VERSION = 5.0;
				TARGETED_DEVICE_FAMILY = "1,2";
				TEST_TARGET_NAME = MemoryPicker;
			};
			name = Debug;
		};
		5861E21C25A58AAD00E9C701 /* Release */ = {
			isa = XCBuildConfiguration;
			buildSettings = {
				ALWAYS_EMBED_SWIFT_STANDARD_LIBRARIES = YES;
				CODE_SIGN_STYLE = Automatic;
				DEVELOPMENT_TEAM = 9BA762PTFR;
				INFOPLIST_FILE = MemoryPickerUITests/Info.plist;
				LD_RUNPATH_SEARCH_PATHS = (
					"$(inherited)",
					"@executable_path/Frameworks",
					"@loader_path/Frameworks",
				);
				PRODUCT_BUNDLE_IDENTIFIER = com.whtoo.MemoryPickerUITests;
				PRODUCT_NAME = "$(TARGET_NAME)";
				SWIFT_VERSION = 5.0;
				TARGETED_DEVICE_FAMILY = "1,2";
				TEST_TARGET_NAME = MemoryPicker;
			};
			name = Release;
		};
/* End XCBuildConfiguration section */

/* Begin XCConfigurationList section */
		5861E1EA25A58AAC00E9C701 /* Build configuration list for PBXProject "MemoryPicker" */ = {
			isa = XCConfigurationList;
			buildConfigurations = (
				5861E21225A58AAD00E9C701 /* Debug */,
				5861E21325A58AAD00E9C701 /* Release */,
			);
			defaultConfigurationIsVisible = 0;
			defaultConfigurationName = Release;
		};
		5861E21425A58AAD00E9C701 /* Build configuration list for PBXNativeTarget "MemoryPicker" */ = {
			isa = XCConfigurationList;
			buildConfigurations = (
				5861E21525A58AAD00E9C701 /* Debug */,
				5861E21625A58AAD00E9C701 /* Release */,
			);
			defaultConfigurationIsVisible = 0;
			defaultConfigurationName = Release;
		};
		5861E21725A58AAD00E9C701 /* Build configuration list for PBXNativeTarget "MemoryPickerTests" */ = {
			isa = XCConfigurationList;
			buildConfigurations = (
				5861E21825A58AAD00E9C701 /* Debug */,
				5861E21925A58AAD00E9C701 /* Release */,
			);
			defaultConfigurationIsVisible = 0;
			defaultConfigurationName = Release;
		};
		5861E21A25A58AAD00E9C701 /* Build configuration list for PBXNativeTarget "MemoryPickerUITests" */ = {
			isa = XCConfigurationList;
			buildConfigurations = (
				5861E21B25A58AAD00E9C701 /* Debug */,
				5861E21C25A58AAD00E9C701 /* Release */,
			);
			defaultConfigurationIsVisible = 0;
			defaultConfigurationName = Release;
		};
/* End XCConfigurationList section */
	};
	rootObject = 5861E1E725A58AAC00E9C701 /* Project object */;
}
